
Microsoft Visual Studio Solution File, Format Version 12.00
# Visual Studio 15
VisualStudioVersion = 15.0.26730.12
MinimumVisualStudioVersion = 10.0.40219.1
Project("{FAE04EC0-301F-11D3-BF4B-00C04F79EFBC}") = "Basics", "Basics\Basics.csproj", "{241199E3-7B51-4BC7-9CB9-2B29AE1858E6}"
EndProject
Project("{FAE04EC0-301F-11D3-BF4B-00C04F79EFBC}") = "Basics.Test", "Basics.Test\Basics.Test.csproj", "{4DED2C44-4DDF-4D82-AD75-C8334A87FD8D}"
EndProject
Global
	GlobalSection(SolutionConfigurationPlatforms) = preSolution
		Debug|Any CPU = Debug|Any CPU
		Release|Any CPU = Release|Any CPU
	EndGlobalSection
	GlobalSection(ProjectConfigurationPlatforms) = postSolution
		{241199E3-7B51-4BC7-9CB9-2B29AE1858E6}.Debug|Any CPU.ActiveCfg = Debug|Any CPU
		{241199E3-7B51-4BC7-9CB9-2B29AE1858E6}.Debug|Any CPU.Build.0 = Debug|Any CPU
		{241199E3-7B51-4BC7-9CB9-2B29AE1858E6}.Release|Any CPU.ActiveCfg = Release|Any CPU
		{241199E3-7B51-4BC7-9CB9-2B29AE1858E6}.Release|Any CPU.Build.0 = Release|Any CPU
		{4DED2C44-4DDF-4D82-AD75-C8334A87FD8D}.Debug|Any CPU.ActiveCfg = Debug|Any CPU
		{4DED2C44-4DDF-4D82-AD75-C8334A87FD8D}.Debug|Any CPU.Build.0 = Debug|Any CPU
		{4DED2C44-4DDF-4D82-AD75-C8334A87FD8D}.Release|Any CPU.ActiveCfg = Release|Any CPU
		{4DED2C44-4DDF-4D82-AD75-C8334A87FD8D}.Release|Any CPU.Build.0 = Release|Any CPU
	EndGlobalSection
	GlobalSection(SolutionProperties) = preSolution
		HideSolutionNode = FALSE
	EndGlobalSection
	GlobalSection(ExtensibilityGlobals) = postSolution
		SolutionGuid = {AEE5FEB0-7ACF-4BA6-B34A-71A4F120D395}
	EndGlobalSection
EndGlobal
